
Microsoft Visual Studio Solution File, Format Version 12.00
# Visual Studio Version 16
VisualStudioVersion = 16.0.30011.22
MinimumVisualStudioVersion = 10.0.40219.1
Project("{FAE04EC0-301F-11D3-BF4B-00C04F79EFBC}") = "CmdLine", "CmdLine\CmdLine.csproj", "{3885697A-E079-4237-9934-2798DEBEE7E3}"
EndProject
Project("{2150E333-8FDC-42A3-9474-1A3956D46DE8}") = "Solution Items", "Solution Items", "{B7DA696F-131E-4ED3-AFCD-20AC28F6EFEC}"
	ProjectSection(SolutionItems) = preProject
		.editorconfig = .editorconfig
	EndProjectSection
EndProject
Project("{FAE04EC0-301F-11D3-BF4B-00C04F79EFBC}") = "CmdLineTests", "CmdLineTests\CmdLineTests.csproj", "{4D49C235-BE51-47E5-8EB6-8EB13BA5634A}"
EndProject
Global
	GlobalSection(SolutionConfigurationPlatforms) = preSolution
		Debug|Any CPU = Debug|Any CPU
		Release|Any CPU = Release|Any CPU
	EndGlobalSection
	GlobalSection(ProjectConfigurationPlatforms) = postSolution
		{3885697A-E079-4237-9934-2798DEBEE7E3}.Debug|Any CPU.ActiveCfg = Debug|Any CPU
		{3885697A-E079-4237-9934-2798DEBEE7E3}.Debug|Any CPU.Build.0 = Debug|Any CPU
		{3885697A-E079-4237-9934-2798DEBEE7E3}.Release|Any CPU.ActiveCfg = Release|Any CPU
		{3885697A-E079-4237-9934-2798DEBEE7E3}.Release|Any CPU.Build.0 = Release|Any CPU
		{4D49C235-BE51-47E5-8EB6-8EB13BA5634A}.Debug|Any CPU.ActiveCfg = Debug|Any CPU
		{4D49C235-BE51-47E5-8EB6-8EB13BA5634A}.Debug|Any CPU.Build.0 = Debug|Any CPU
		{4D49C235-BE51-47E5-8EB6-8EB13BA5634A}.Release|Any CPU.ActiveCfg = Release|Any CPU
		{4D49C235-BE51-47E5-8EB6-8EB13BA5634A}.Release|Any CPU.Build.0 = Release|Any CPU
	EndGlobalSection
	GlobalSection(SolutionProperties) = preSolution
		HideSolutionNode = FALSE
	EndGlobalSection
	GlobalSection(ExtensibilityGlobals) = postSolution
		SolutionGuid = {DD134439-5B24-4401-8D50-A66CAB68F4DF}
	EndGlobalSection
EndGlobal
